type: Datablock
element_id: null
name: null
node_description: Stores and provides static data for use in flows
description: null
input_schema: {}
output_schema: null
parameter_schema_structure:
  data:
    type: any
    description: The actual data to store
  format:
    type: string
    enum:
    - json
    - csv
    - text
    - yaml
    description: Data format type
  parse_csv:
    type: bool
    description: Whether to parse CSV into objects
  csv_headers:
    type: list
    description: Custom headers for CSV data
parameters:
  data: null
  format: json
  parse_csv: true
  csv_headers: null
processing_message: Loading data...
tags:
- input
- static-data
- configuration
layer: null
hyperparameters:
  type:
    access: fixed
  element_id:
    access: fixed
  name:
    access: edit
  description:
    access: edit
  input_schema:
    access: fixed
  output_schema:
    access: fixed
  parameters.data:
    access: edit
  parameters.format:
    access: edit
  parameters.parse_csv:
    access: edit
  parameters.csv_headers:
    access: edit
  processing_message:
    access: edit
  tags:
    access: append
  layer:
    access: edit
input_data: null
output_data: null
code: null
flow_control: null
icon: FiBox
category: Input
